
Microsoft Visual Studio Solution File, Format Version 12.00
# Visual Studio 15
VisualStudioVersion = 15.0.27130.2010
MinimumVisualStudioVersion = 10.0.40219.1
Project("{FAE04EC0-301F-11D3-BF4B-00C04F79EFBC}") = "App1.Android", "App1\App1.Android\App1.Android.csproj", "{916F8E06-6EC6-4E2E-9E93-B893589BCA96}"
EndProject
Project("{FAE04EC0-301F-11D3-BF4B-00C04F79EFBC}") = "App1.iOS", "App1\App1.iOS\App1.iOS.csproj", "{891D06CF-9368-47C5-BB95-234D0D573CFD}"
EndProject
Project("{FAE04EC0-301F-11D3-BF4B-00C04F79EFBC}") = "App1.UWP", "App1\App1.UWP\App1.UWP.csproj", "{E0AFE985-F34B-468F-9A08-1EA6A9018CDD}"
EndProject
Project("{D954291E-2A0B-460D-934E-DC6B0785DB48}") = "App1", "App1\App1\App1.shproj", "{B2FD5B82-B6A4-4392-9E61-D5C7696199D3}"
EndProject
Global
	GlobalSection(SharedMSBuildProjectFiles) = preSolution
		App1\App1\App1.projitems*{891d06cf-9368-47c5-bb95-234d0d573cfd}*SharedItemsImports = 4
		App1\App1\App1.projitems*{916f8e06-6ec6-4e2e-9e93-b893589bca96}*SharedItemsImports = 4
		App1\App1\App1.projitems*{b2fd5b82-b6a4-4392-9e61-d5c7696199d3}*SharedItemsImports = 13
		App1\App1\App1.projitems*{e0afe985-f34b-468f-9a08-1ea6a9018cdd}*SharedItemsImports = 4
	EndGlobalSection
	GlobalSection(SolutionConfigurationPlatforms) = preSolution
		Ad-Hoc|Any CPU = Ad-Hoc|Any CPU
		Ad-Hoc|ARM = Ad-Hoc|ARM
		Ad-Hoc|iPhone = Ad-Hoc|iPhone
		Ad-Hoc|iPhoneSimulator = Ad-Hoc|iPhoneSimulator
		Ad-Hoc|x64 = Ad-Hoc|x64
		Ad-Hoc|x86 = Ad-Hoc|x86
		AppStore|Any CPU = AppStore|Any CPU
		AppStore|ARM = AppStore|ARM
		AppStore|iPhone = AppStore|iPhone
		AppStore|iPhoneSimulator = AppStore|iPhoneSimulator
		AppStore|x64 = AppStore|x64
		AppStore|x86 = AppStore|x86
		Debug|Any CPU = Debug|Any CPU
		Debug|ARM = Debug|ARM
		Debug|iPhone = Debug|iPhone
		Debug|iPhoneSimulator = Debug|iPhoneSimulator
		Debug|x64 = Debug|x64
		Debug|x86 = Debug|x86
		Release|Any CPU = Release|Any CPU
		Release|ARM = Release|ARM
		Release|iPhone = Release|iPhone
		Release|iPhoneSimulator = Release|iPhoneSimulator
		Release|x64 = Release|x64
		Release|x86 = Release|x86
	EndGlobalSection
	GlobalSection(ProjectConfigurationPlatforms) = postSolution
		{916F8E06-6EC6-4E2E-9E93-B893589BCA96}.Ad-Hoc|Any CPU.ActiveCfg = Release|Any CPU
		{916F8E06-6EC6-4E2E-9E93-B893589BCA96}.Ad-Hoc|Any CPU.Build.0 = Release|Any CPU
		{916F8E06-6EC6-4E2E-9E93-B893589BCA96}.Ad-Hoc|Any CPU.Deploy.0 = Release|Any CPU
		{916F8E06-6EC6-4E2E-9E93-B893589BCA96}.Ad-Hoc|ARM.ActiveCfg = Release|Any CPU
		{916F8E06-6EC6-4E2E-9E93-B893589BCA96}.Ad-Hoc|ARM.Build.0 = Release|Any CPU
		{916F8E06-6EC6-4E2E-9E93-B893589BCA96}.Ad-Hoc|ARM.Deploy.0 = Release|Any CPU
		{916F8E06-6EC6-4E2E-9E93-B893589BCA96}.Ad-Hoc|iPhone.ActiveCfg = Release|Any CPU
		{916F8E06-6EC6-4E2E-9E93-B893589BCA96}.Ad-Hoc|iPhone.Build.0 = Release|Any CPU
		{916F8E06-6EC6-4E2E-9E93-B893589BCA96}.Ad-Hoc|iPhone.Deploy.0 = Release|Any CPU
		{916F8E06-6EC6-4E2E-9E93-B893589BCA96}.Ad-Hoc|iPhoneSimulator.ActiveCfg = Release|Any CPU
		{916F8E06-6EC6-4E2E-9E93-B893589BCA96}.Ad-Hoc|iPhoneSimulator.Build.0 = Release|Any CPU
		{916F8E06-6EC6-4E2E-9E93-B893589BCA96}.Ad-Hoc|iPhoneSimulator.Deploy.0 = Release|Any CPU
		{916F8E06-6EC6-4E2E-9E93-B893589BCA96}.Ad-Hoc|x64.ActiveCfg = Release|Any CPU
		{916F8E06-6EC6-4E2E-9E93-B893589BCA96}.Ad-Hoc|x64.Build.0 = Release|Any CPU
		{916F8E06-6EC6-4E2E-9E93-B893589BCA96}.Ad-Hoc|x64.Deploy.0 = Release|Any CPU
		{916F8E06-6EC6-4E2E-9E93-B893589BCA96}.Ad-Hoc|x86.ActiveCfg = Release|Any CPU
		{916F8E06-6EC6-4E2E-9E93-B893589BCA96}.Ad-Hoc|x86.Build.0 = Release|Any CPU
		{916F8E06-6EC6-4E2E-9E93-B893589BCA96}.Ad-Hoc|x86.Deploy.0 = Release|Any CPU
		{916F8E06-6EC6-4E2E-9E93-B893589BCA96}.AppStore|Any CPU.ActiveCfg = Release|Any CPU
		{916F8E06-6EC6-4E2E-9E93-B893589BCA96}.AppStore|Any CPU.Build.0 = Release|Any CPU
		{916F8E06-6EC6-4E2E-9E93-B893589BCA96}.AppStore|Any CPU.Deploy.0 = Release|Any CPU
		{916F8E06-6EC6-4E2E-9E93-B893589BCA96}.AppStore|ARM.ActiveCfg = Release|Any CPU
		{916F8E06-6EC6-4E2E-9E93-B893589BCA96}.AppStore|ARM.Build.0 = Release|Any CPU
		{916F8E06-6EC6-4E2E-9E93-B893589BCA96}.AppStore|ARM.Deploy.0 = Release|Any CPU
		{916F8E06-6EC6-4E2E-9E93-B893589BCA96}.AppStore|iPhone.ActiveCfg = Release|Any CPU
		{916F8E06-6EC6-4E2E-9E93-B893589BCA96}.AppStore|iPhone.Build.0 = Release|Any CPU
		{916F8E06-6EC6-4E2E-9E93-B893589BCA96}.AppStore|iPhone.Deploy.0 = Release|Any CPU
		{916F8E06-6EC6-4E2E-9E93-B893589BCA96}.AppStore|iPhoneSimulator.ActiveCfg = Release|Any CPU
		{916F8E06-6EC6-4E2E-9E93-B893589BCA96}.AppStore|iPhoneSimulator.Build.0 = Release|Any CPU
		{916F8E06-6EC6-4E2E-9E93-B893589BCA96}.AppStore|iPhoneSimulator.Deploy.0 = Release|Any CPU
		{916F8E06-6EC6-4E2E-9E93-B893589BCA96}.AppStore|x64.ActiveCfg = Release|Any CPU
		{916F8E06-6EC6-4E2E-9E93-B893589BCA96}.AppStore|x64.Build.0 = Release|Any CPU
		{916F8E06-6EC6-4E2E-9E93-B893589BCA96}.AppStore|x64.Deploy.0 = Release|Any CPU
		{916F8E06-6EC6-4E2E-9E93-B893589BCA96}.AppStore|x86.ActiveCfg = Release|Any CPU
		{916F8E06-6EC6-4E2E-9E93-B893589BCA96}.AppStore|x86.Build.0 = Release|Any CPU
		{916F8E06-6EC6-4E2E-9E93-B893589BCA96}.AppStore|x86.Deploy.0 = Release|Any CPU
		{916F8E06-6EC6-4E2E-9E93-B893589BCA96}.Debug|Any CPU.ActiveCfg = Debug|Any CPU
		{916F8E06-6EC6-4E2E-9E93-B893589BCA96}.Debug|Any CPU.Build.0 = Debug|Any CPU
		{916F8E06-6EC6-4E2E-9E93-B893589BCA96}.Debug|Any CPU.Deploy.0 = Debug|Any CPU
		{916F8E06-6EC6-4E2E-9E93-B893589BCA96}.Debug|ARM.ActiveCfg = Debug|Any CPU
		{916F8E06-6EC6-4E2E-9E93-B893589BCA96}.Debug|ARM.Build.0 = Debug|Any CPU
		{916F8E06-6EC6-4E2E-9E93-B893589BCA96}.Debug|ARM.Deploy.0 = Debug|Any CPU
		{916F8E06-6EC6-4E2E-9E93-B893589BCA96}.Debug|iPhone.ActiveCfg = Debug|Any CPU
		{916F8E06-6EC6-4E2E-9E93-B893589BCA96}.Debug|iPhone.Build.0 = Debug|Any CPU
		{916F8E06-6EC6-4E2E-9E93-B893589BCA96}.Debug|iPhone.Deploy.0 = Debug|Any CPU
		{916F8E06-6EC6-4E2E-9E93-B893589BCA96}.Debug|iPhoneSimulator.ActiveCfg = Debug|Any CPU
		{916F8E06-6EC6-4E2E-9E93-B893589BCA96}.Debug|iPhoneSimulator.Build.0 = Debug|Any CPU
		{916F8E06-6EC6-4E2E-9E93-B893589BCA96}.Debug|iPhoneSimulator.Deploy.0 = Debug|Any CPU
		{916F8E06-6EC6-4E2E-9E93-B893589BCA96}.Debug|x64.ActiveCfg = Debug|Any CPU
		{916F8E06-6EC6-4E2E-9E93-B893589BCA96}.Debug|x64.Build.0 = Debug|Any CPU
		{916F8E06-6EC6-4E2E-9E93-B893589BCA96}.Debug|x64.Deploy.0 = Debug|Any CPU
		{916F8E06-6EC6-4E2E-9E93-B893589BCA96}.Debug|x86.ActiveCfg = Debug|Any CPU
		{916F8E06-6EC6-4E2E-9E93-B893589BCA96}.Debug|x86.Build.0 = Debug|Any CPU
		{916F8E06-6EC6-4E2E-9E93-B893589BCA96}.Debug|x86.Deploy.0 = Debug|Any CPU
		{916F8E06-6EC6-4E2E-9E93-B893589BCA96}.Release|Any CPU.ActiveCfg = Release|Any CPU
		{916F8E06-6EC6-4E2E-9E93-B893589BCA96}.Release|Any CPU.Build.0 = Release|Any CPU
		{916F8E06-6EC6-4E2E-9E93-B893589BCA96}.Release|Any CPU.Deploy.0 = Release|Any CPU
		{916F8E06-6EC6-4E2E-9E93-B893589BCA96}.Release|ARM.ActiveCfg = Release|Any CPU
		{916F8E06-6EC6-4E2E-9E93-B893589BCA96}.Release|ARM.Build.0 = Release|Any CPU
		{916F8E06-6EC6-4E2E-9E93-B893589BCA96}.Release|ARM.Deploy.0 = Release|Any CPU
		{916F8E06-6EC6-4E2E-9E93-B893589BCA96}.Release|iPhone.ActiveCfg = Release|Any CPU
		{916F8E06-6EC6-4E2E-9E93-B893589BCA96}.Release|iPhone.Build.0 = Release|Any CPU
		{916F8E06-6EC6-4E2E-9E93-B893589BCA96}.Release|iPhone.Deploy.0 = Release|Any CPU
		{916F8E06-6EC6-4E2E-9E93-B893589BCA96}.Release|iPhoneSimulator.ActiveCfg = Release|Any CPU
		{916F8E06-6EC6-4E2E-9E93-B893589BCA96}.Release|iPhoneSimulator.Build.0 = Release|Any CPU
		{916F8E06-6EC6-4E2E-9E93-B893589BCA96}.Release|iPhoneSimulator.Deploy.0 = Release|Any CPU
		{916F8E06-6EC6-4E2E-9E93-B893589BCA96}.Release|x64.ActiveCfg = Release|Any CPU
		{916F8E06-6EC6-4E2E-9E93-B893589BCA96}.Release|x64.Build.0 = Release|Any CPU
		{916F8E06-6EC6-4E2E-9E93-B893589BCA96}.Release|x64.Deploy.0 = Release|Any CPU
		{916F8E06-6EC6-4E2E-9E93-B893589BCA96}.Release|x86.ActiveCfg = Release|Any CPU
		{916F8E06-6EC6-4E2E-9E93-B893589BCA96}.Release|x86.Build.0 = Release|Any CPU
		{916F8E06-6EC6-4E2E-9E93-B893589BCA96}.Release|x86.Deploy.0 = Release|Any CPU
		{891D06CF-9368-47C5-BB95-234D0D573CFD}.Ad-Hoc|Any CPU.ActiveCfg = Ad-Hoc|iPhone
		{891D06CF-9368-47C5-BB95-234D0D573CFD}.Ad-Hoc|ARM.ActiveCfg = Ad-Hoc|iPhone
		{891D06CF-9368-47C5-BB95-234D0D573CFD}.Ad-Hoc|iPhone.ActiveCfg = Ad-Hoc|iPhone
		{891D06CF-9368-47C5-BB95-234D0D573CFD}.Ad-Hoc|iPhone.Build.0 = Ad-Hoc|iPhone
		{891D06CF-9368-47C5-BB95-234D0D573CFD}.Ad-Hoc|iPhoneSimulator.ActiveCfg = Ad-Hoc|iPhoneSimulator
		{891D06CF-9368-47C5-BB95-234D0D573CFD}.Ad-Hoc|iPhoneSimulator.Build.0 = Ad-Hoc|iPhoneSimulator
		{891D06CF-9368-47C5-BB95-234D0D573CFD}.Ad-Hoc|x64.ActiveCfg = Ad-Hoc|iPhone
		{891D06CF-9368-47C5-BB95-234D0D573CFD}.Ad-Hoc|x86.ActiveCfg = Ad-Hoc|iPhone
		{891D06CF-9368-47C5-BB95-234D0D573CFD}.AppStore|Any CPU.ActiveCfg = AppStore|iPhone
		{891D06CF-9368-47C5-BB95-234D0D573CFD}.AppStore|ARM.ActiveCfg = AppStore|iPhone
		{891D06CF-9368-47C5-BB95-234D0D573CFD}.AppStore|iPhone.ActiveCfg = AppStore|iPhone
		{891D06CF-9368-47C5-BB95-234D0D573CFD}.AppStore|iPhone.Build.0 = AppStore|iPhone
		{891D06CF-9368-47C5-BB95-234D0D573CFD}.AppStore|iPhoneSimulator.ActiveCfg = AppStore|iPhoneSimulator
		{891D06CF-9368-47C5-BB95-234D0D573CFD}.AppStore|iPhoneSimulator.Build.0 = AppStore|iPhoneSimulator
		{891D06CF-9368-47C5-BB95-234D0D573CFD}.AppStore|x64.ActiveCfg = AppStore|iPhone
		{891D06CF-9368-47C5-BB95-234D0D573CFD}.AppStore|x86.ActiveCfg = AppStore|iPhone
		{891D06CF-9368-47C5-BB95-234D0D573CFD}.Debug|Any CPU.ActiveCfg = Debug|iPhone
		{891D06CF-9368-47C5-BB95-234D0D573CFD}.Debug|ARM.ActiveCfg = Debug|iPhone
		{891D06CF-9368-47C5-BB95-234D0D573CFD}.Debug|iPhone.ActiveCfg = Debug|iPhone
		{891D06CF-9368-47C5-BB95-234D0D573CFD}.Debug|iPhone.Build.0 = Debug|iPhone
		{891D06CF-9368-47C5-BB95-234D0D573CFD}.Debug|iPhoneSimulator.ActiveCfg = Debug|iPhoneSimulator
		{891D06CF-9368-47C5-BB95-234D0D573CFD}.Debug|iPhoneSimulator.Build.0 = Debug|iPhoneSimulator
		{891D06CF-9368-47C5-BB95-234D0D573CFD}.Debug|x64.ActiveCfg = Debug|iPhone
		{891D06CF-9368-47C5-BB95-234D0D573CFD}.Debug|x86.ActiveCfg = Debug|iPhone
		{891D06CF-9368-47C5-BB95-234D0D573CFD}.Release|Any CPU.ActiveCfg = Release|iPhone
		{891D06CF-9368-47C5-BB95-234D0D573CFD}.Release|ARM.ActiveCfg = Release|iPhone
		{891D06CF-9368-47C5-BB95-234D0D573CFD}.Release|iPhone.ActiveCfg = Release|iPhone
		{891D06CF-9368-47C5-BB95-234D0D573CFD}.Release|iPhone.Build.0 = Release|iPhone
		{891D06CF-9368-47C5-BB95-234D0D573CFD}.Release|iPhoneSimulator.ActiveCfg = Release|iPhoneSimulator
		{891D06CF-9368-47C5-BB95-234D0D573CFD}.Release|iPhoneSimulator.Build.0 = Release|iPhoneSimulator
		{891D06CF-9368-47C5-BB95-234D0D573CFD}.Release|x64.ActiveCfg = Release|iPhone
		{891D06CF-9368-47C5-BB95-234D0D573CFD}.Release|x86.ActiveCfg = Release|iPhone
		{E0AFE985-F34B-468F-9A08-1EA6A9018CDD}.Ad-Hoc|Any CPU.ActiveCfg = Release|x86
		{E0AFE985-F34B-468F-9A08-1EA6A9018CDD}.Ad-Hoc|Any CPU.Build.0 = Release|x86
		{E0AFE985-F34B-468F-9A08-1EA6A9018CDD}.Ad-Hoc|Any CPU.Deploy.0 = Release|x86
		{E0AFE985-F34B-468F-9A08-1EA6A9018CDD}.Ad-Hoc|ARM.ActiveCfg = Release|ARM
		{E0AFE985-F34B-468F-9A08-1EA6A9018CDD}.Ad-Hoc|ARM.Build.0 = Release|ARM
		{E0AFE985-F34B-468F-9A08-1EA6A9018CDD}.Ad-Hoc|ARM.Deploy.0 = Release|ARM
		{E0AFE985-F34B-468F-9A08-1EA6A9018CDD}.Ad-Hoc|iPhone.ActiveCfg = Release|x86
		{E0AFE985-F34B-468F-9A08-1EA6A9018CDD}.Ad-Hoc|iPhone.Build.0 = Release|x86
		{E0AFE985-F34B-468F-9A08-1EA6A9018CDD}.Ad-Hoc|iPhone.Deploy.0 = Release|x86
		{E0AFE985-F34B-468F-9A08-1EA6A9018CDD}.Ad-Hoc|iPhoneSimulator.ActiveCfg = Release|x86
		{E0AFE985-F34B-468F-9A08-1EA6A9018CDD}.Ad-Hoc|iPhoneSimulator.Build.0 = Release|x86
		{E0AFE985-F34B-468F-9A08-1EA6A9018CDD}.Ad-Hoc|iPhoneSimulator.Deploy.0 = Release|x86
		{E0AFE985-F34B-468F-9A08-1EA6A9018CDD}.Ad-Hoc|x64.ActiveCfg = Release|x64
		{E0AFE985-F34B-468F-9A08-1EA6A9018CDD}.Ad-Hoc|x64.Build.0 = Release|x64
		{E0AFE985-F34B-468F-9A08-1EA6A9018CDD}.Ad-Hoc|x64.Deploy.0 = Release|x64
		{E0AFE985-F34B-468F-9A08-1EA6A9018CDD}.Ad-Hoc|x86.ActiveCfg = Release|x86
		{E0AFE985-F34B-468F-9A08-1EA6A9018CDD}.Ad-Hoc|x86.Build.0 = Release|x86
		{E0AFE985-F34B-468F-9A08-1EA6A9018CDD}.Ad-Hoc|x86.Deploy.0 = Release|x86
		{E0AFE985-F34B-468F-9A08-1EA6A9018CDD}.AppStore|Any CPU.ActiveCfg = Release|x86
		{E0AFE985-F34B-468F-9A08-1EA6A9018CDD}.AppStore|Any CPU.Build.0 = Release|x86
		{E0AFE985-F34B-468F-9A08-1EA6A9018CDD}.AppStore|Any CPU.Deploy.0 = Release|x86
		{E0AFE985-F34B-468F-9A08-1EA6A9018CDD}.AppStore|ARM.ActiveCfg = Release|ARM
		{E0AFE985-F34B-468F-9A08-1EA6A9018CDD}.AppStore|ARM.Build.0 = Release|ARM
		{E0AFE985-F34B-468F-9A08-1EA6A9018CDD}.AppStore|ARM.Deploy.0 = Release|ARM
		{E0AFE985-F34B-468F-9A08-1EA6A9018CDD}.AppStore|iPhone.ActiveCfg = Release|x86
		{E0AFE985-F34B-468F-9A08-1EA6A9018CDD}.AppStore|iPhone.Build.0 = Release|x86
		{E0AFE985-F34B-468F-9A08-1EA6A9018CDD}.AppStore|iPhone.Deploy.0 = Release|x86
		{E0AFE985-F34B-468F-9A08-1EA6A9018CDD}.AppStore|iPhoneSimulator.ActiveCfg = Release|x86
		{E0AFE985-F34B-468F-9A08-1EA6A9018CDD}.AppStore|iPhoneSimulator.Build.0 = Release|x86
		{E0AFE985-F34B-468F-9A08-1EA6A9018CDD}.AppStore|iPhoneSimulator.Deploy.0 = Release|x86
		{E0AFE985-F34B-468F-9A08-1EA6A9018CDD}.AppStore|x64.ActiveCfg = Release|x64
		{E0AFE985-F34B-468F-9A08-1EA6A9018CDD}.AppStore|x64.Build.0 = Release|x64
		{E0AFE985-F34B-468F-9A08-1EA6A9018CDD}.AppStore|x64.Deploy.0 = Release|x64
		{E0AFE985-F34B-468F-9A08-1EA6A9018CDD}.AppStore|x86.ActiveCfg = Release|x86
		{E0AFE985-F34B-468F-9A08-1EA6A9018CDD}.AppStore|x86.Build.0 = Release|x86
		{E0AFE985-F34B-468F-9A08-1EA6A9018CDD}.AppStore|x86.Deploy.0 = Release|x86
		{E0AFE985-F34B-468F-9A08-1EA6A9018CDD}.Debug|Any CPU.ActiveCfg = Debug|x86
		{E0AFE985-F34B-468F-9A08-1EA6A9018CDD}.Debug|ARM.ActiveCfg = Debug|ARM
		{E0AFE985-F34B-468F-9A08-1EA6A9018CDD}.Debug|ARM.Build.0 = Debug|ARM
		{E0AFE985-F34B-468F-9A08-1EA6A9018CDD}.Debug|ARM.Deploy.0 = Debug|ARM
		{E0AFE985-F34B-468F-9A08-1EA6A9018CDD}.Debug|iPhone.ActiveCfg = Debug|x86
		{E0AFE985-F34B-468F-9A08-1EA6A9018CDD}.Debug|iPhoneSimulator.ActiveCfg = Debug|x86
		{E0AFE985-F34B-468F-9A08-1EA6A9018CDD}.Debug|x64.ActiveCfg = Debug|x64
		{E0AFE985-F34B-468F-9A08-1EA6A9018CDD}.Debug|x64.Build.0 = Debug|x64
		{E0AFE985-F34B-468F-9A08-1EA6A9018CDD}.Debug|x64.Deploy.0 = Debug|x64
		{E0AFE985-F34B-468F-9A08-1EA6A9018CDD}.Debug|x86.ActiveCfg = Debug|x86
		{E0AFE985-F34B-468F-9A08-1EA6A9018CDD}.Debug|x86.Build.0 = Debug|x86
		{E0AFE985-F34B-468F-9A08-1EA6A9018CDD}.Debug|x86.Deploy.0 = Debug|x86
		{E0AFE985-F34B-468F-9A08-1EA6A9018CDD}.Release|Any CPU.ActiveCfg = Release|x86
		{E0AFE985-F34B-468F-9A08-1EA6A9018CDD}.Release|ARM.ActiveCfg = Release|ARM
		{E0AFE985-F34B-468F-9A08-1EA6A9018CDD}.Release|ARM.Build.0 = Release|ARM
		{E0AFE985-F34B-468F-9A08-1EA6A9018CDD}.Release|ARM.Deploy.0 = Release|ARM
		{E0AFE985-F34B-468F-9A08-1EA6A9018CDD}.Release|iPhone.ActiveCfg = Release|x86
		{E0AFE985-F34B-468F-9A08-1EA6A9018CDD}.Release|iPhoneSimulator.ActiveCfg = Release|x86
		{E0AFE985-F34B-468F-9A08-1EA6A9018CDD}.Release|x64.ActiveCfg = Release|x64
		{E0AFE985-F34B-468F-9A08-1EA6A9018CDD}.Release|x64.Build.0 = Release|x64
		{E0AFE985-F34B-468F-9A08-1EA6A9018CDD}.Release|x64.Deploy.0 = Release|x64
		{E0AFE985-F34B-468F-9A08-1EA6A9018CDD}.Release|x86.ActiveCfg = Release|x86
		{E0AFE985-F34B-468F-9A08-1EA6A9018CDD}.Release|x86.Build.0 = Release|x86
		{E0AFE985-F34B-468F-9A08-1EA6A9018CDD}.Release|x86.Deploy.0 = Release|x86
	EndGlobalSection
	GlobalSection(SolutionProperties) = preSolution
		HideSolutionNode = FALSE
	EndGlobalSection
	GlobalSection(ExtensibilityGlobals) = postSolution
		SolutionGuid = {1B69A970-1CF0-493F-85D0-2B619526062E}
	EndGlobalSection
EndGlobal
