
Microsoft Visual Studio Solution File, Format Version 12.00
# Visual Studio 15
VisualStudioVersion = 15.0.27130.2010
MinimumVisualStudioVersion = 10.0.40219.1
Project("{FAE04EC0-301F-11D3-BF4B-00C04F79EFBC}") = "App1.Android", "App1\App1.Android\App1.Android.csproj", "{EB6330AC-AEE5-4421-AE1A-4F232D720E30}"
EndProject
Project("{FAE04EC0-301F-11D3-BF4B-00C04F79EFBC}") = "App1.iOS", "App1\App1.iOS\App1.iOS.csproj", "{95030F4E-CD4F-4CBF-8F4F-D0CF2A25A87A}"
EndProject
Project("{FAE04EC0-301F-11D3-BF4B-00C04F79EFBC}") = "App1.UWP", "App1\App1.UWP\App1.UWP.csproj", "{03AE66F9-9169-443A-8DA7-1A73F30B1C8C}"
EndProject
Project("{D954291E-2A0B-460D-934E-DC6B0785DB48}") = "App1", "App1\App1\App1.shproj", "{22A73DC0-843F-4260-85D1-78DE6481FA9E}"
EndProject
Global
	GlobalSection(SharedMSBuildProjectFiles) = preSolution
		App1\App1\App1.projitems*{03ae66f9-9169-443a-8da7-1a73f30b1c8c}*SharedItemsImports = 4
		App1\App1\App1.projitems*{22a73dc0-843f-4260-85d1-78de6481fa9e}*SharedItemsImports = 13
		App1\App1\App1.projitems*{95030f4e-cd4f-4cbf-8f4f-d0cf2a25a87a}*SharedItemsImports = 4
		App1\App1\App1.projitems*{eb6330ac-aee5-4421-ae1a-4f232d720e30}*SharedItemsImports = 4
	EndGlobalSection
	GlobalSection(SolutionConfigurationPlatforms) = preSolution
		Ad-Hoc|Any CPU = Ad-Hoc|Any CPU
		Ad-Hoc|ARM = Ad-Hoc|ARM
		Ad-Hoc|iPhone = Ad-Hoc|iPhone
		Ad-Hoc|iPhoneSimulator = Ad-Hoc|iPhoneSimulator
		Ad-Hoc|x64 = Ad-Hoc|x64
		Ad-Hoc|x86 = Ad-Hoc|x86
		AppStore|Any CPU = AppStore|Any CPU
		AppStore|ARM = AppStore|ARM
		AppStore|iPhone = AppStore|iPhone
		AppStore|iPhoneSimulator = AppStore|iPhoneSimulator
		AppStore|x64 = AppStore|x64
		AppStore|x86 = AppStore|x86
		Debug|Any CPU = Debug|Any CPU
		Debug|ARM = Debug|ARM
		Debug|iPhone = Debug|iPhone
		Debug|iPhoneSimulator = Debug|iPhoneSimulator
		Debug|x64 = Debug|x64
		Debug|x86 = Debug|x86
		Release|Any CPU = Release|Any CPU
		Release|ARM = Release|ARM
		Release|iPhone = Release|iPhone
		Release|iPhoneSimulator = Release|iPhoneSimulator
		Release|x64 = Release|x64
		Release|x86 = Release|x86
	EndGlobalSection
	GlobalSection(ProjectConfigurationPlatforms) = postSolution
		{EB6330AC-AEE5-4421-AE1A-4F232D720E30}.Ad-Hoc|Any CPU.ActiveCfg = Release|Any CPU
		{EB6330AC-AEE5-4421-AE1A-4F232D720E30}.Ad-Hoc|Any CPU.Build.0 = Release|Any CPU
		{EB6330AC-AEE5-4421-AE1A-4F232D720E30}.Ad-Hoc|Any CPU.Deploy.0 = Release|Any CPU
		{EB6330AC-AEE5-4421-AE1A-4F232D720E30}.Ad-Hoc|ARM.ActiveCfg = Release|Any CPU
		{EB6330AC-AEE5-4421-AE1A-4F232D720E30}.Ad-Hoc|ARM.Build.0 = Release|Any CPU
		{EB6330AC-AEE5-4421-AE1A-4F232D720E30}.Ad-Hoc|ARM.Deploy.0 = Release|Any CPU
		{EB6330AC-AEE5-4421-AE1A-4F232D720E30}.Ad-Hoc|iPhone.ActiveCfg = Release|Any CPU
		{EB6330AC-AEE5-4421-AE1A-4F232D720E30}.Ad-Hoc|iPhone.Build.0 = Release|Any CPU
		{EB6330AC-AEE5-4421-AE1A-4F232D720E30}.Ad-Hoc|iPhone.Deploy.0 = Release|Any CPU
		{EB6330AC-AEE5-4421-AE1A-4F232D720E30}.Ad-Hoc|iPhoneSimulator.ActiveCfg = Release|Any CPU
		{EB6330AC-AEE5-4421-AE1A-4F232D720E30}.Ad-Hoc|iPhoneSimulator.Build.0 = Release|Any CPU
		{EB6330AC-AEE5-4421-AE1A-4F232D720E30}.Ad-Hoc|iPhoneSimulator.Deploy.0 = Release|Any CPU
		{EB6330AC-AEE5-4421-AE1A-4F232D720E30}.Ad-Hoc|x64.ActiveCfg = Release|Any CPU
		{EB6330AC-AEE5-4421-AE1A-4F232D720E30}.Ad-Hoc|x64.Build.0 = Release|Any CPU
		{EB6330AC-AEE5-4421-AE1A-4F232D720E30}.Ad-Hoc|x64.Deploy.0 = Release|Any CPU
		{EB6330AC-AEE5-4421-AE1A-4F232D720E30}.Ad-Hoc|x86.ActiveCfg = Release|Any CPU
		{EB6330AC-AEE5-4421-AE1A-4F232D720E30}.Ad-Hoc|x86.Build.0 = Release|Any CPU
		{EB6330AC-AEE5-4421-AE1A-4F232D720E30}.Ad-Hoc|x86.Deploy.0 = Release|Any CPU
		{EB6330AC-AEE5-4421-AE1A-4F232D720E30}.AppStore|Any CPU.ActiveCfg = Release|Any CPU
		{EB6330AC-AEE5-4421-AE1A-4F232D720E30}.AppStore|Any CPU.Build.0 = Release|Any CPU
		{EB6330AC-AEE5-4421-AE1A-4F232D720E30}.AppStore|Any CPU.Deploy.0 = Release|Any CPU
		{EB6330AC-AEE5-4421-AE1A-4F232D720E30}.AppStore|ARM.ActiveCfg = Release|Any CPU
		{EB6330AC-AEE5-4421-AE1A-4F232D720E30}.AppStore|ARM.Build.0 = Release|Any CPU
		{EB6330AC-AEE5-4421-AE1A-4F232D720E30}.AppStore|ARM.Deploy.0 = Release|Any CPU
		{EB6330AC-AEE5-4421-AE1A-4F232D720E30}.AppStore|iPhone.ActiveCfg = Release|Any CPU
		{EB6330AC-AEE5-4421-AE1A-4F232D720E30}.AppStore|iPhone.Build.0 = Release|Any CPU
		{EB6330AC-AEE5-4421-AE1A-4F232D720E30}.AppStore|iPhone.Deploy.0 = Release|Any CPU
		{EB6330AC-AEE5-4421-AE1A-4F232D720E30}.AppStore|iPhoneSimulator.ActiveCfg = Release|Any CPU
		{EB6330AC-AEE5-4421-AE1A-4F232D720E30}.AppStore|iPhoneSimulator.Build.0 = Release|Any CPU
		{EB6330AC-AEE5-4421-AE1A-4F232D720E30}.AppStore|iPhoneSimulator.Deploy.0 = Release|Any CPU
		{EB6330AC-AEE5-4421-AE1A-4F232D720E30}.AppStore|x64.ActiveCfg = Release|Any CPU
		{EB6330AC-AEE5-4421-AE1A-4F232D720E30}.AppStore|x64.Build.0 = Release|Any CPU
		{EB6330AC-AEE5-4421-AE1A-4F232D720E30}.AppStore|x64.Deploy.0 = Release|Any CPU
		{EB6330AC-AEE5-4421-AE1A-4F232D720E30}.AppStore|x86.ActiveCfg = Release|Any CPU
		{EB6330AC-AEE5-4421-AE1A-4F232D720E30}.AppStore|x86.Build.0 = Release|Any CPU
		{EB6330AC-AEE5-4421-AE1A-4F232D720E30}.AppStore|x86.Deploy.0 = Release|Any CPU
		{EB6330AC-AEE5-4421-AE1A-4F232D720E30}.Debug|Any CPU.ActiveCfg = Debug|Any CPU
		{EB6330AC-AEE5-4421-AE1A-4F232D720E30}.Debug|Any CPU.Build.0 = Debug|Any CPU
		{EB6330AC-AEE5-4421-AE1A-4F232D720E30}.Debug|Any CPU.Deploy.0 = Debug|Any CPU
		{EB6330AC-AEE5-4421-AE1A-4F232D720E30}.Debug|ARM.ActiveCfg = Debug|Any CPU
		{EB6330AC-AEE5-4421-AE1A-4F232D720E30}.Debug|ARM.Build.0 = Debug|Any CPU
		{EB6330AC-AEE5-4421-AE1A-4F232D720E30}.Debug|ARM.Deploy.0 = Debug|Any CPU
		{EB6330AC-AEE5-4421-AE1A-4F232D720E30}.Debug|iPhone.ActiveCfg = Debug|Any CPU
		{EB6330AC-AEE5-4421-AE1A-4F232D720E30}.Debug|iPhone.Build.0 = Debug|Any CPU
		{EB6330AC-AEE5-4421-AE1A-4F232D720E30}.Debug|iPhone.Deploy.0 = Debug|Any CPU
		{EB6330AC-AEE5-4421-AE1A-4F232D720E30}.Debug|iPhoneSimulator.ActiveCfg = Debug|Any CPU
		{EB6330AC-AEE5-4421-AE1A-4F232D720E30}.Debug|iPhoneSimulator.Build.0 = Debug|Any CPU
		{EB6330AC-AEE5-4421-AE1A-4F232D720E30}.Debug|iPhoneSimulator.Deploy.0 = Debug|Any CPU
		{EB6330AC-AEE5-4421-AE1A-4F232D720E30}.Debug|x64.ActiveCfg = Debug|Any CPU
		{EB6330AC-AEE5-4421-AE1A-4F232D720E30}.Debug|x64.Build.0 = Debug|Any CPU
		{EB6330AC-AEE5-4421-AE1A-4F232D720E30}.Debug|x64.Deploy.0 = Debug|Any CPU
		{EB6330AC-AEE5-4421-AE1A-4F232D720E30}.Debug|x86.ActiveCfg = Debug|Any CPU
		{EB6330AC-AEE5-4421-AE1A-4F232D720E30}.Debug|x86.Build.0 = Debug|Any CPU
		{EB6330AC-AEE5-4421-AE1A-4F232D720E30}.Debug|x86.Deploy.0 = Debug|Any CPU
		{EB6330AC-AEE5-4421-AE1A-4F232D720E30}.Release|Any CPU.ActiveCfg = Release|Any CPU
		{EB6330AC-AEE5-4421-AE1A-4F232D720E30}.Release|Any CPU.Build.0 = Release|Any CPU
		{EB6330AC-AEE5-4421-AE1A-4F232D720E30}.Release|Any CPU.Deploy.0 = Release|Any CPU
		{EB6330AC-AEE5-4421-AE1A-4F232D720E30}.Release|ARM.ActiveCfg = Release|Any CPU
		{EB6330AC-AEE5-4421-AE1A-4F232D720E30}.Release|ARM.Build.0 = Release|Any CPU
		{EB6330AC-AEE5-4421-AE1A-4F232D720E30}.Release|ARM.Deploy.0 = Release|Any CPU
		{EB6330AC-AEE5-4421-AE1A-4F232D720E30}.Release|iPhone.ActiveCfg = Release|Any CPU
		{EB6330AC-AEE5-4421-AE1A-4F232D720E30}.Release|iPhone.Build.0 = Release|Any CPU
		{EB6330AC-AEE5-4421-AE1A-4F232D720E30}.Release|iPhone.Deploy.0 = Release|Any CPU
		{EB6330AC-AEE5-4421-AE1A-4F232D720E30}.Release|iPhoneSimulator.ActiveCfg = Release|Any CPU
		{EB6330AC-AEE5-4421-AE1A-4F232D720E30}.Release|iPhoneSimulator.Build.0 = Release|Any CPU
		{EB6330AC-AEE5-4421-AE1A-4F232D720E30}.Release|iPhoneSimulator.Deploy.0 = Release|Any CPU
		{EB6330AC-AEE5-4421-AE1A-4F232D720E30}.Release|x64.ActiveCfg = Release|Any CPU
		{EB6330AC-AEE5-4421-AE1A-4F232D720E30}.Release|x64.Build.0 = Release|Any CPU
		{EB6330AC-AEE5-4421-AE1A-4F232D720E30}.Release|x64.Deploy.0 = Release|Any CPU
		{EB6330AC-AEE5-4421-AE1A-4F232D720E30}.Release|x86.ActiveCfg = Release|Any CPU
		{EB6330AC-AEE5-4421-AE1A-4F232D720E30}.Release|x86.Build.0 = Release|Any CPU
		{EB6330AC-AEE5-4421-AE1A-4F232D720E30}.Release|x86.Deploy.0 = Release|Any CPU
		{95030F4E-CD4F-4CBF-8F4F-D0CF2A25A87A}.Ad-Hoc|Any CPU.ActiveCfg = Ad-Hoc|iPhone
		{95030F4E-CD4F-4CBF-8F4F-D0CF2A25A87A}.Ad-Hoc|ARM.ActiveCfg = Ad-Hoc|iPhone
		{95030F4E-CD4F-4CBF-8F4F-D0CF2A25A87A}.Ad-Hoc|iPhone.ActiveCfg = Ad-Hoc|iPhone
		{95030F4E-CD4F-4CBF-8F4F-D0CF2A25A87A}.Ad-Hoc|iPhone.Build.0 = Ad-Hoc|iPhone
		{95030F4E-CD4F-4CBF-8F4F-D0CF2A25A87A}.Ad-Hoc|iPhoneSimulator.ActiveCfg = Ad-Hoc|iPhoneSimulator
		{95030F4E-CD4F-4CBF-8F4F-D0CF2A25A87A}.Ad-Hoc|iPhoneSimulator.Build.0 = Ad-Hoc|iPhoneSimulator
		{95030F4E-CD4F-4CBF-8F4F-D0CF2A25A87A}.Ad-Hoc|x64.ActiveCfg = Ad-Hoc|iPhone
		{95030F4E-CD4F-4CBF-8F4F-D0CF2A25A87A}.Ad-Hoc|x86.ActiveCfg = Ad-Hoc|iPhone
		{95030F4E-CD4F-4CBF-8F4F-D0CF2A25A87A}.AppStore|Any CPU.ActiveCfg = AppStore|iPhone
		{95030F4E-CD4F-4CBF-8F4F-D0CF2A25A87A}.AppStore|ARM.ActiveCfg = AppStore|iPhone
		{95030F4E-CD4F-4CBF-8F4F-D0CF2A25A87A}.AppStore|iPhone.ActiveCfg = AppStore|iPhone
		{95030F4E-CD4F-4CBF-8F4F-D0CF2A25A87A}.AppStore|iPhone.Build.0 = AppStore|iPhone
		{95030F4E-CD4F-4CBF-8F4F-D0CF2A25A87A}.AppStore|iPhoneSimulator.ActiveCfg = AppStore|iPhoneSimulator
		{95030F4E-CD4F-4CBF-8F4F-D0CF2A25A87A}.AppStore|iPhoneSimulator.Build.0 = AppStore|iPhoneSimulator
		{95030F4E-CD4F-4CBF-8F4F-D0CF2A25A87A}.AppStore|x64.ActiveCfg = AppStore|iPhone
		{95030F4E-CD4F-4CBF-8F4F-D0CF2A25A87A}.AppStore|x86.ActiveCfg = AppStore|iPhone
		{95030F4E-CD4F-4CBF-8F4F-D0CF2A25A87A}.Debug|Any CPU.ActiveCfg = Debug|iPhone
		{95030F4E-CD4F-4CBF-8F4F-D0CF2A25A87A}.Debug|ARM.ActiveCfg = Debug|iPhone
		{95030F4E-CD4F-4CBF-8F4F-D0CF2A25A87A}.Debug|iPhone.ActiveCfg = Debug|iPhone
		{95030F4E-CD4F-4CBF-8F4F-D0CF2A25A87A}.Debug|iPhone.Build.0 = Debug|iPhone
		{95030F4E-CD4F-4CBF-8F4F-D0CF2A25A87A}.Debug|iPhoneSimulator.ActiveCfg = Debug|iPhoneSimulator
		{95030F4E-CD4F-4CBF-8F4F-D0CF2A25A87A}.Debug|iPhoneSimulator.Build.0 = Debug|iPhoneSimulator
		{95030F4E-CD4F-4CBF-8F4F-D0CF2A25A87A}.Debug|x64.ActiveCfg = Debug|iPhone
		{95030F4E-CD4F-4CBF-8F4F-D0CF2A25A87A}.Debug|x86.ActiveCfg = Debug|iPhone
		{95030F4E-CD4F-4CBF-8F4F-D0CF2A25A87A}.Release|Any CPU.ActiveCfg = Release|iPhone
		{95030F4E-CD4F-4CBF-8F4F-D0CF2A25A87A}.Release|ARM.ActiveCfg = Release|iPhone
		{95030F4E-CD4F-4CBF-8F4F-D0CF2A25A87A}.Release|iPhone.ActiveCfg = Release|iPhone
		{95030F4E-CD4F-4CBF-8F4F-D0CF2A25A87A}.Release|iPhone.Build.0 = Release|iPhone
		{95030F4E-CD4F-4CBF-8F4F-D0CF2A25A87A}.Release|iPhoneSimulator.ActiveCfg = Release|iPhoneSimulator
		{95030F4E-CD4F-4CBF-8F4F-D0CF2A25A87A}.Release|iPhoneSimulator.Build.0 = Release|iPhoneSimulator
		{95030F4E-CD4F-4CBF-8F4F-D0CF2A25A87A}.Release|x64.ActiveCfg = Release|iPhone
		{95030F4E-CD4F-4CBF-8F4F-D0CF2A25A87A}.Release|x86.ActiveCfg = Release|iPhone
		{03AE66F9-9169-443A-8DA7-1A73F30B1C8C}.Ad-Hoc|Any CPU.ActiveCfg = Release|x86
		{03AE66F9-9169-443A-8DA7-1A73F30B1C8C}.Ad-Hoc|Any CPU.Build.0 = Release|x86
		{03AE66F9-9169-443A-8DA7-1A73F30B1C8C}.Ad-Hoc|Any CPU.Deploy.0 = Release|x86
		{03AE66F9-9169-443A-8DA7-1A73F30B1C8C}.Ad-Hoc|ARM.ActiveCfg = Release|ARM
		{03AE66F9-9169-443A-8DA7-1A73F30B1C8C}.Ad-Hoc|ARM.Build.0 = Release|ARM
		{03AE66F9-9169-443A-8DA7-1A73F30B1C8C}.Ad-Hoc|ARM.Deploy.0 = Release|ARM
		{03AE66F9-9169-443A-8DA7-1A73F30B1C8C}.Ad-Hoc|iPhone.ActiveCfg = Release|x86
		{03AE66F9-9169-443A-8DA7-1A73F30B1C8C}.Ad-Hoc|iPhone.Build.0 = Release|x86
		{03AE66F9-9169-443A-8DA7-1A73F30B1C8C}.Ad-Hoc|iPhone.Deploy.0 = Release|x86
		{03AE66F9-9169-443A-8DA7-1A73F30B1C8C}.Ad-Hoc|iPhoneSimulator.ActiveCfg = Release|x86
		{03AE66F9-9169-443A-8DA7-1A73F30B1C8C}.Ad-Hoc|iPhoneSimulator.Build.0 = Release|x86
		{03AE66F9-9169-443A-8DA7-1A73F30B1C8C}.Ad-Hoc|iPhoneSimulator.Deploy.0 = Release|x86
		{03AE66F9-9169-443A-8DA7-1A73F30B1C8C}.Ad-Hoc|x64.ActiveCfg = Release|x64
		{03AE66F9-9169-443A-8DA7-1A73F30B1C8C}.Ad-Hoc|x64.Build.0 = Release|x64
		{03AE66F9-9169-443A-8DA7-1A73F30B1C8C}.Ad-Hoc|x64.Deploy.0 = Release|x64
		{03AE66F9-9169-443A-8DA7-1A73F30B1C8C}.Ad-Hoc|x86.ActiveCfg = Release|x86
		{03AE66F9-9169-443A-8DA7-1A73F30B1C8C}.Ad-Hoc|x86.Build.0 = Release|x86
		{03AE66F9-9169-443A-8DA7-1A73F30B1C8C}.Ad-Hoc|x86.Deploy.0 = Release|x86
		{03AE66F9-9169-443A-8DA7-1A73F30B1C8C}.AppStore|Any CPU.ActiveCfg = Release|x86
		{03AE66F9-9169-443A-8DA7-1A73F30B1C8C}.AppStore|Any CPU.Build.0 = Release|x86
		{03AE66F9-9169-443A-8DA7-1A73F30B1C8C}.AppStore|Any CPU.Deploy.0 = Release|x86
		{03AE66F9-9169-443A-8DA7-1A73F30B1C8C}.AppStore|ARM.ActiveCfg = Release|ARM
		{03AE66F9-9169-443A-8DA7-1A73F30B1C8C}.AppStore|ARM.Build.0 = Release|ARM
		{03AE66F9-9169-443A-8DA7-1A73F30B1C8C}.AppStore|ARM.Deploy.0 = Release|ARM
		{03AE66F9-9169-443A-8DA7-1A73F30B1C8C}.AppStore|iPhone.ActiveCfg = Release|x86
		{03AE66F9-9169-443A-8DA7-1A73F30B1C8C}.AppStore|iPhone.Build.0 = Release|x86
		{03AE66F9-9169-443A-8DA7-1A73F30B1C8C}.AppStore|iPhone.Deploy.0 = Release|x86
		{03AE66F9-9169-443A-8DA7-1A73F30B1C8C}.AppStore|iPhoneSimulator.ActiveCfg = Release|x86
		{03AE66F9-9169-443A-8DA7-1A73F30B1C8C}.AppStore|iPhoneSimulator.Build.0 = Release|x86
		{03AE66F9-9169-443A-8DA7-1A73F30B1C8C}.AppStore|iPhoneSimulator.Deploy.0 = Release|x86
		{03AE66F9-9169-443A-8DA7-1A73F30B1C8C}.AppStore|x64.ActiveCfg = Release|x64
		{03AE66F9-9169-443A-8DA7-1A73F30B1C8C}.AppStore|x64.Build.0 = Release|x64
		{03AE66F9-9169-443A-8DA7-1A73F30B1C8C}.AppStore|x64.Deploy.0 = Release|x64
		{03AE66F9-9169-443A-8DA7-1A73F30B1C8C}.AppStore|x86.ActiveCfg = Release|x86
		{03AE66F9-9169-443A-8DA7-1A73F30B1C8C}.AppStore|x86.Build.0 = Release|x86
		{03AE66F9-9169-443A-8DA7-1A73F30B1C8C}.AppStore|x86.Deploy.0 = Release|x86
		{03AE66F9-9169-443A-8DA7-1A73F30B1C8C}.Debug|Any CPU.ActiveCfg = Debug|x86
		{03AE66F9-9169-443A-8DA7-1A73F30B1C8C}.Debug|ARM.ActiveCfg = Debug|ARM
		{03AE66F9-9169-443A-8DA7-1A73F30B1C8C}.Debug|ARM.Build.0 = Debug|ARM
		{03AE66F9-9169-443A-8DA7-1A73F30B1C8C}.Debug|ARM.Deploy.0 = Debug|ARM
		{03AE66F9-9169-443A-8DA7-1A73F30B1C8C}.Debug|iPhone.ActiveCfg = Debug|x86
		{03AE66F9-9169-443A-8DA7-1A73F30B1C8C}.Debug|iPhoneSimulator.ActiveCfg = Debug|x86
		{03AE66F9-9169-443A-8DA7-1A73F30B1C8C}.Debug|x64.ActiveCfg = Debug|x64
		{03AE66F9-9169-443A-8DA7-1A73F30B1C8C}.Debug|x64.Build.0 = Debug|x64
		{03AE66F9-9169-443A-8DA7-1A73F30B1C8C}.Debug|x64.Deploy.0 = Debug|x64
		{03AE66F9-9169-443A-8DA7-1A73F30B1C8C}.Debug|x86.ActiveCfg = Debug|x86
		{03AE66F9-9169-443A-8DA7-1A73F30B1C8C}.Debug|x86.Build.0 = Debug|x86
		{03AE66F9-9169-443A-8DA7-1A73F30B1C8C}.Debug|x86.Deploy.0 = Debug|x86
		{03AE66F9-9169-443A-8DA7-1A73F30B1C8C}.Release|Any CPU.ActiveCfg = Release|x86
		{03AE66F9-9169-443A-8DA7-1A73F30B1C8C}.Release|ARM.ActiveCfg = Release|ARM
		{03AE66F9-9169-443A-8DA7-1A73F30B1C8C}.Release|ARM.Build.0 = Release|ARM
		{03AE66F9-9169-443A-8DA7-1A73F30B1C8C}.Release|ARM.Deploy.0 = Release|ARM
		{03AE66F9-9169-443A-8DA7-1A73F30B1C8C}.Release|iPhone.ActiveCfg = Release|x86
		{03AE66F9-9169-443A-8DA7-1A73F30B1C8C}.Release|iPhoneSimulator.ActiveCfg = Release|x86
		{03AE66F9-9169-443A-8DA7-1A73F30B1C8C}.Release|x64.ActiveCfg = Release|x64
		{03AE66F9-9169-443A-8DA7-1A73F30B1C8C}.Release|x64.Build.0 = Release|x64
		{03AE66F9-9169-443A-8DA7-1A73F30B1C8C}.Release|x64.Deploy.0 = Release|x64
		{03AE66F9-9169-443A-8DA7-1A73F30B1C8C}.Release|x86.ActiveCfg = Release|x86
		{03AE66F9-9169-443A-8DA7-1A73F30B1C8C}.Release|x86.Build.0 = Release|x86
		{03AE66F9-9169-443A-8DA7-1A73F30B1C8C}.Release|x86.Deploy.0 = Release|x86
	EndGlobalSection
	GlobalSection(SolutionProperties) = preSolution
		HideSolutionNode = FALSE
	EndGlobalSection
	GlobalSection(ExtensibilityGlobals) = postSolution
		SolutionGuid = {529A887D-91B2-43B2-BE68-D4CB0D9ACF29}
	EndGlobalSection
EndGlobal
